
Microsoft Visual Studio Solution File, Format Version 12.00
# Visual Studio 15
VisualStudioVersion = 15.0.28010.2003
MinimumVisualStudioVersion = 10.0.40219.1
Project("{FAE04EC0-301F-11D3-BF4B-00C04F79EFBC}") = "DiagramGenerator", "DiagramGenerator\DiagramGenerator.csproj", "{1EF82A55-FB8E-4F8D-ADD2-66CF71DEAD06}"
EndProject
Global
	GlobalSection(SolutionConfigurationPlatforms) = preSolution
		Debug|Any CPU = Debug|Any CPU
		Release|Any CPU = Release|Any CPU
	EndGlobalSection
	GlobalSection(ProjectConfigurationPlatforms) = postSolution
		{1EF82A55-FB8E-4F8D-ADD2-66CF71DEAD06}.Debug|Any CPU.ActiveCfg = Debug|Any CPU
		{1EF82A55-FB8E-4F8D-ADD2-66CF71DEAD06}.Debug|Any CPU.Build.0 = Debug|Any CPU
		{1EF82A55-FB8E-4F8D-ADD2-66CF71DEAD06}.Release|Any CPU.ActiveCfg = Release|Any CPU
		{1EF82A55-FB8E-4F8D-ADD2-66CF71DEAD06}.Release|Any CPU.Build.0 = Release|Any CPU
	EndGlobalSection
	GlobalSection(SolutionProperties) = preSolution
		HideSolutionNode = FALSE
	EndGlobalSection
	GlobalSection(ExtensibilityGlobals) = postSolution
		SolutionGuid = {A88E563C-9623-49D9-B0A4-5E4D389C9FAF}
	EndGlobalSection
EndGlobal
